{
  "name": "design",
  "lockfileVersion": 3,
  "requires": true,
  "packages": {
    "": {
      "dependencies": {
        "@weno/bootstrap": "^0.27.1"
      }
    },
    "node_modules/@weno/bootstrap": {
      "version": "0.27.1",
      "resolved": "https://registry.npmjs.org/@weno/bootstrap/-/bootstrap-0.27.1.tgz",
      "integrity": "sha512-m8MtFD029KMAx3GXx6EmA7MSYd6w2UhUD4ofZYdZRTEn/3WSkGrzFxUu61r1Gn8E9cq5aq1mR8UJAXnnmY3zGw==",
      "dependencies": {
        "@weno/icons": "^1.0.0"
      }
    },
    "node_modules/@weno/icons": {
      "version": "1.1.2",
      "resolved": "https://registry.npmjs.org/@weno/icons/-/icons-1.1.2.tgz",
      "integrity": "sha512-Kn9mlVrc7722mGuDBFlw7rsGhT3QjcwF08bsKnkhkfAACFkniP1HcoLUsdCAZ00jqkfEHx9Gc+ew6sc/1/KTOA=="
    }
  }
}
